PODS:
  - OHHTTPStubs (8.1.0):
    - OHHTTPStubs/Default (= 8.1.0)
  - OHHTTPStubs/Core (8.1.0)
  - OHHTTPStubs/Default (8.1.0):
    - OHHTTPStubs/Core
    - OHHTTPStubs/JSON
    - OHHTTPStubs/NSURLSession
    - OHHTTPStubs/OHPathHelpers
  - OHHTTPStubs/JSON (8.1.0):
    - OHHTTPStubs/Core
  - OHHTTPStubs/NSURLSession (8.1.0):
    - OHHTTPStubs/Core
  - OHHTTPStubs/OHPathHelpers (8.1.0)

DEPENDENCIES:
  - OHHTTPStubs (from `../..`)

EXTERNAL SOURCES:
  OHHTTPStubs:
    :path: "../.."

SPEC CHECKSUMS:
  OHHTTPStubs: d3e16dbeba2278a9ee4221348f8d5a1ed2eb34b4

PODFILE CHECKSUM: 9a67077a86911aa4a252748903da3d5ea5d5d922

COCOAPODS: 1.7.5
