PODS:
  - OHHTTPStubs (4.5.1):
    - OHHTTPStubs/Default (= 4.5.1)
  - OHHTTPStubs/Core (4.5.1)
  - OHHTTPStubs/Default (4.5.1):
    - OHHTTPStubs/Core
    - OHHTTPStubs/JSON
    - OHHTTPStubs/NSURLSession
    - OHHTTPStubs/OHPathHelpers
  - OHHTTPStubs/JSON (4.5.1):
    - OHHTTPStubs/Core
  - OHHTTPStubs/NSURLSession (4.5.1):
    - OHHTTPStubs/Core
  - OHHTTPStubs/OHPathHelpers (4.5.1)

DEPENDENCIES:
  - OHHTTPStubs (from `../..`)

EXTERNAL SOURCES:
  OHHTTPStubs:
    :path: ../..

SPEC CHECKSUMS:
  OHHTTPStubs: f9ed5d0574877f6008261de9c2728cc1662a6566

COCOAPODS: 0.39.0
