// !$*UTF8*$!
{
   archiveVersion = "1";
   objectVersion = "46";
   objects = {
      "OBJ_1" = {
         isa = "PBXProject";
         attributes = {
            LastSwiftMigration = "9999";
            LastUpgradeCheck = "9999";
         };
         buildConfigurationList = "OBJ_2";
         compatibilityVersion = "Xcode 3.2";
         developmentRegion = "en";
         hasScannedForEncodings = "0";
         knownRegions = (
            "en"
         );
         mainGroup = "OBJ_5";
         productRefGroup = "OBJ_39";
         projectDirPath = ".";
         targets = (
            "OHHTTPStubs::OHHTTPStubs",
            "OHHTTPStubs::SwiftPMPackageDescription",
            "OHHTTPStubs::OHHTTPStubsPackageTests::ProductTarget",
            "OHHTTPStubs::OHHTTPStubsSwift",
            "OHHTTPStubs::OHHTTPStubsSwiftTests",
            "OHHTTPStubs::OHHTTPStubsTests"
         );
      };
      "OBJ_10" = {
         isa = "PBXFileReference";
         path = "HTTPStubs+NSURLSessionConfiguration.m";
         sourceTree = "<group>";
      };
      "OBJ_100" = {
         isa = "PBXTargetDependency";
         target = "OHHTTPStubs::OHHTTPStubs";
      };
      "OBJ_101" = {
         isa = "XCConfigurationList";
         buildConfigurations = (
            "OBJ_102",
            "OBJ_103"
         );
         defaultConfigurationIsVisible = "0";
         defaultConfigurationName = "Release";
      };
      "OBJ_102" = {
         isa = "XCBuildConfiguration";
         buildSettings = {
            CLANG_ENABLE_MODULES = "YES";
            EMBEDDED_CONTENT_CONTAINS_SWIFT = "YES";
            FRAMEWORK_SEARCH_PATHS = (
               "$(inherited)",
               "$(PLATFORM_DIR)/Developer/Library/Frameworks"
            );
            HEADER_SEARCH_PATHS = (
               "$(inherited)",
               "$(SRCROOT)/Tests/OHHTTPStubsTests/include",
               "$(SRCROOT)/Sources/OHHTTPStubs/include"
            );
            INFOPLIST_FILE = "OHHTTPStubs.xcodeproj/OHHTTPStubsTests_Info.plist";
            LD_RUNPATH_SEARCH_PATHS = (
               "$(inherited)",
               "@loader_path/../Frameworks",
               "@loader_path/Frameworks"
            );
            OTHER_CFLAGS = (
               "$(inherited)"
            );
            OTHER_LDFLAGS = (
               "$(inherited)"
            );
            OTHER_SWIFT_FLAGS = (
               "$(inherited)"
            );
            SWIFT_ACTIVE_COMPILATION_CONDITIONS = (
               "$(inherited)"
            );
            TARGET_NAME = "OHHTTPStubsTests";
         };
         name = "Debug";
      };
      "OBJ_103" = {
         isa = "XCBuildConfiguration";
         buildSettings = {
            CLANG_ENABLE_MODULES = "YES";
            EMBEDDED_CONTENT_CONTAINS_SWIFT = "YES";
            FRAMEWORK_SEARCH_PATHS = (
               "$(inherited)",
               "$(PLATFORM_DIR)/Developer/Library/Frameworks"
            );
            HEADER_SEARCH_PATHS = (
               "$(inherited)",
               "$(SRCROOT)/Tests/OHHTTPStubsTests/include",
               "$(SRCROOT)/Sources/OHHTTPStubs/include"
            );
            INFOPLIST_FILE = "OHHTTPStubs.xcodeproj/OHHTTPStubsTests_Info.plist";
            LD_RUNPATH_SEARCH_PATHS = (
               "$(inherited)",
               "@loader_path/../Frameworks",
               "@loader_path/Frameworks"
            );
            OTHER_CFLAGS = (
               "$(inherited)"
            );
            OTHER_LDFLAGS = (
               "$(inherited)"
            );
            OTHER_SWIFT_FLAGS = (
               "$(inherited)"
            );
            SWIFT_ACTIVE_COMPILATION_CONDITIONS = (
               "$(inherited)"
            );
            TARGET_NAME = "OHHTTPStubsTests";
         };
         name = "Release";
      };
      "OBJ_104" = {
         isa = "PBXSourcesBuildPhase";
         files = (
            "OBJ_105",
            "OBJ_106",
            "OBJ_107",
            "OBJ_108",
            "OBJ_109",
            "OBJ_110",
            "OBJ_111",
            "OBJ_112"
         );
      };
      "OBJ_105" = {
         isa = "PBXBuildFile";
         fileRef = "OBJ_31";
      };
      "OBJ_106" = {
         isa = "PBXBuildFile";
         fileRef = "OBJ_32";
      };
      "OBJ_107" = {
         isa = "PBXBuildFile";
         fileRef = "OBJ_33";
      };
      "OBJ_108" = {
         isa = "PBXBuildFile";
         fileRef = "OBJ_34";
      };
      "OBJ_109" = {
         isa = "PBXBuildFile";
         fileRef = "OBJ_35";
      };
      "OBJ_11" = {
         isa = "PBXFileReference";
         path = "HTTPStubs.m";
         sourceTree = "<group>";
      };
      "OBJ_110" = {
         isa = "PBXBuildFile";
         fileRef = "OBJ_36";
      };
      "OBJ_111" = {
         isa = "PBXBuildFile";
         fileRef = "OBJ_37";
      };
      "OBJ_112" = {
         isa = "PBXBuildFile";
         fileRef = "OBJ_38";
      };
      "OBJ_113" = {
         isa = "PBXFrameworksBuildPhase";
         files = (
            "OBJ_114"
         );
      };
      "OBJ_114" = {
         isa = "PBXBuildFile";
         fileRef = "OHHTTPStubs::OHHTTPStubs::Product";
      };
      "OBJ_115" = {
         isa = "PBXTargetDependency";
         target = "OHHTTPStubs::OHHTTPStubs";
      };
      "OBJ_12" = {
         isa = "PBXFileReference";
         path = "HTTPStubsMethodSwizzling.m";
         sourceTree = "<group>";
      };
      "OBJ_13" = {
         isa = "PBXFileReference";
         path = "HTTPStubsPathHelpers.m";
         sourceTree = "<group>";
      };
      "OBJ_14" = {
         isa = "PBXFileReference";
         path = "HTTPStubsResponse+JSON.m";
         sourceTree = "<group>";
      };
      "OBJ_15" = {
         isa = "PBXFileReference";
         path = "HTTPStubsResponse.m";
         sourceTree = "<group>";
      };
      "OBJ_16" = {
         isa = "PBXFileReference";
         path = "NSURLRequest+HTTPBodyTesting.m";
         sourceTree = "<group>";
      };
      "OBJ_17" = {
         isa = "PBXGroup";
         children = (
            "OBJ_18",
            "OBJ_19",
            "OBJ_20",
            "OBJ_21",
            "OBJ_22",
            "OBJ_23",
            "OBJ_24"
         );
         name = "include";
         path = "include";
         sourceTree = "<group>";
      };
      "OBJ_18" = {
         isa = "PBXFileReference";
         path = "Compatibility.h";
         sourceTree = "<group>";
      };
      "OBJ_19" = {
         isa = "PBXFileReference";
         path = "HTTPStubsResponse+JSON.h";
         sourceTree = "<group>";
      };
      "OBJ_2" = {
         isa = "XCConfigurationList";
         buildConfigurations = (
            "OBJ_3",
            "OBJ_4"
         );
         defaultConfigurationIsVisible = "0";
         defaultConfigurationName = "Release";
      };
      "OBJ_20" = {
         isa = "PBXFileReference";
         path = "HTTPStubsPathHelpers.h";
         sourceTree = "<group>";
      };
      "OBJ_21" = {
         isa = "PBXFileReference";
         path = "HTTPStubsResponse.h";
         sourceTree = "<group>";
      };
      "OBJ_22" = {
         isa = "PBXFileReference";
         path = "NSURLRequest+HTTPBodyTesting.h";
         sourceTree = "<group>";
      };
      "OBJ_23" = {
         isa = "PBXFileReference";
         path = "HTTPStubs.h";
         sourceTree = "<group>";
      };
      "OBJ_24" = {
         isa = "PBXFileReference";
         name = "module.modulemap";
         path = "/Users/jeff/OHHTTPStubs/OHHTTPStubs.xcodeproj/GeneratedModuleMap/OHHTTPStubs/module.modulemap";
         sourceTree = "<group>";
      };
      "OBJ_25" = {
         isa = "PBXGroup";
         children = (
            "OBJ_26"
         );
         name = "OHHTTPStubsSwift";
         path = "Sources/OHHTTPStubsSwift";
         sourceTree = "SOURCE_ROOT";
      };
      "OBJ_26" = {
         isa = "PBXFileReference";
         path = "OHHTTPStubsSwift.swift";
         sourceTree = "<group>";
      };
      "OBJ_27" = {
         isa = "PBXGroup";
         children = (
            "OBJ_28",
            "OBJ_30"
         );
         name = "Tests";
         path = "";
         sourceTree = "SOURCE_ROOT";
      };
      "OBJ_28" = {
         isa = "PBXGroup";
         children = (
            "OBJ_29"
         );
         name = "OHHTTPStubsSwiftTests";
         path = "Tests/OHHTTPStubsSwiftTests";
         sourceTree = "SOURCE_ROOT";
      };
      "OBJ_29" = {
         isa = "PBXFileReference";
         path = "SwiftHelpersTests.swift";
         sourceTree = "<group>";
      };
      "OBJ_3" = {
         isa = "XCBuildConfiguration";
         buildSettings = {
            CLANG_ENABLE_OBJC_ARC = "YES";
            COMBINE_HIDPI_IMAGES = "YES";
            COPY_PHASE_STRIP = "NO";
            DEBUG_INFORMATION_FORMAT = "dwarf";
            DYLIB_INSTALL_NAME_BASE = "@rpath";
            ENABLE_NS_ASSERTIONS = "YES";
            GCC_OPTIMIZATION_LEVEL = "0";
            GCC_PREPROCESSOR_DEFINITIONS = (
               "$(inherited)",
               "SWIFT_PACKAGE=1",
               "DEBUG=1"
            );
            MACOSX_DEPLOYMENT_TARGET = "10.10";
            ONLY_ACTIVE_ARCH = "YES";
            OTHER_SWIFT_FLAGS = (
               "$(inherited)",
               "-DXcode"
            );
            PRODUCT_NAME = "$(TARGET_NAME)";
            SDKROOT = "macosx";
            SUPPORTED_PLATFORMS = (
               "macosx",
               "iphoneos",
               "iphonesimulator",
               "appletvos",
               "appletvsimulator",
               "watchos",
               "watchsimulator"
            );
            SWIFT_ACTIVE_COMPILATION_CONDITIONS = (
               "$(inherited)",
               "SWIFT_PACKAGE",
               "DEBUG"
            );
            SWIFT_OPTIMIZATION_LEVEL = "-Onone";
            USE_HEADERMAP = "NO";
         };
         name = "Debug";
      };
      "OBJ_30" = {
         isa = "PBXGroup";
         children = (
            "OBJ_31",
            "OBJ_32",
            "OBJ_33",
            "OBJ_34",
            "OBJ_35",
            "OBJ_36",
            "OBJ_37",
            "OBJ_38"
         );
         name = "OHHTTPStubsTests";
         path = "Tests/OHHTTPStubsTests";
         sourceTree = "SOURCE_ROOT";
      };
      "OBJ_31" = {
         isa = "PBXFileReference";
         path = "AFNetworkingTests.m";
         sourceTree = "<group>";
      };
      "OBJ_32" = {
         isa = "PBXFileReference";
         path = "NSURLConnectionDelegateTests.m";
         sourceTree = "<group>";
      };
      "OBJ_33" = {
         isa = "PBXFileReference";
         path = "NSURLConnectionTests.m";
         sourceTree = "<group>";
      };
      "OBJ_34" = {
         isa = "PBXFileReference";
         path = "NSURLSessionTests.m";
         sourceTree = "<group>";
      };
      "OBJ_35" = {
         isa = "PBXFileReference";
         path = "NilValuesTests.m";
         sourceTree = "<group>";
      };
      "OBJ_36" = {
         isa = "PBXFileReference";
         path = "OHPathHelpersTests.m";
         sourceTree = "<group>";
      };
      "OBJ_37" = {
         isa = "PBXFileReference";
         path = "TimingTests.m";
         sourceTree = "<group>";
      };
      "OBJ_38" = {
         isa = "PBXFileReference";
         path = "WithContentsOfURLTests.m";
         sourceTree = "<group>";
      };
      "OBJ_39" = {
         isa = "PBXGroup";
         children = (
            "OHHTTPStubs::OHHTTPStubsSwiftTests::Product",
            "OHHTTPStubs::OHHTTPStubsSwift::Product",
            "OHHTTPStubs::OHHTTPStubsTests::Product",
            "OHHTTPStubs::OHHTTPStubs::Product"
         );
         name = "Products";
         path = "";
         sourceTree = "BUILT_PRODUCTS_DIR";
      };
      "OBJ_4" = {
         isa = "XCBuildConfiguration";
         buildSettings = {
            CLANG_ENABLE_OBJC_ARC = "YES";
            COMBINE_HIDPI_IMAGES = "YES";
            COPY_PHASE_STRIP = "YES";
            DEBUG_INFORMATION_FORMAT = "dwarf-with-dsym";
            DYLIB_INSTALL_NAME_BASE = "@rpath";
            GCC_OPTIMIZATION_LEVEL = "s";
            GCC_PREPROCESSOR_DEFINITIONS = (
               "$(inherited)",
               "SWIFT_PACKAGE=1"
            );
            MACOSX_DEPLOYMENT_TARGET = "10.10";
            OTHER_SWIFT_FLAGS = (
               "$(inherited)",
               "-DXcode"
            );
            PRODUCT_NAME = "$(TARGET_NAME)";
            SDKROOT = "macosx";
            SUPPORTED_PLATFORMS = (
               "macosx",
               "iphoneos",
               "iphonesimulator",
               "appletvos",
               "appletvsimulator",
               "watchos",
               "watchsimulator"
            );
            SWIFT_ACTIVE_COMPILATION_CONDITIONS = (
               "$(inherited)",
               "SWIFT_PACKAGE"
            );
            SWIFT_OPTIMIZATION_LEVEL = "-Owholemodule";
            USE_HEADERMAP = "NO";
         };
         name = "Release";
      };
      "OBJ_44" = {
         isa = "PBXFileReference";
         path = "Pods";
         sourceTree = "SOURCE_ROOT";
      };
      "OBJ_45" = {
         isa = "PBXFileReference";
         path = "Examples";
         sourceTree = "SOURCE_ROOT";
      };
      "OBJ_46" = {
         isa = "PBXFileReference";
         path = "OHHTTPStubs.xcworkspace";
         sourceTree = "SOURCE_ROOT";
      };
      "OBJ_47" = {
         isa = "PBXFileReference";
         path = "LICENSE";
         sourceTree = "<group>";
      };
      "OBJ_48" = {
         isa = "PBXFileReference";
         path = "CHANGELOG.md";
         sourceTree = "<group>";
      };
      "OBJ_49" = {
         isa = "PBXFileReference";
         path = "README.md";
         sourceTree = "<group>";
      };
      "OBJ_5" = {
         isa = "PBXGroup";
         children = (
            "OBJ_6",
            "OBJ_7",
            "OBJ_27",
            "OBJ_39",
            "OBJ_44",
            "OBJ_45",
            "OBJ_46",
            "OBJ_47",
            "OBJ_48",
            "OBJ_49",
            "OBJ_50",
            "OBJ_51",
            "OBJ_52",
            "OBJ_53",
            "OBJ_54"
         );
         path = "";
         sourceTree = "<group>";
      };
      "OBJ_50" = {
         isa = "PBXFileReference";
         path = "Rakefile";
         sourceTree = "<group>";
      };
      "OBJ_51" = {
         isa = "PBXFileReference";
         path = "OHHTTPStubs.podspec";
         sourceTree = "<group>";
      };
      "OBJ_52" = {
         isa = "PBXFileReference";
         path = "OHHTTPStubsProject.xcconfig";
         sourceTree = "<group>";
      };
      "OBJ_53" = {
         isa = "PBXFileReference";
         path = "Podfile";
         sourceTree = "<group>";
      };
      "OBJ_54" = {
         isa = "PBXFileReference";
         path = "Podfile.lock";
         sourceTree = "<group>";
      };
      "OBJ_56" = {
         isa = "XCConfigurationList";
         buildConfigurations = (
            "OBJ_57",
            "OBJ_58"
         );
         defaultConfigurationIsVisible = "0";
         defaultConfigurationName = "Release";
      };
      "OBJ_57" = {
         isa = "XCBuildConfiguration";
         buildSettings = {
            DEFINES_MODULE = "NO";
            ENABLE_TESTABILITY = "YES";
            FRAMEWORK_SEARCH_PATHS = (
               "$(inherited)",
               "$(PLATFORM_DIR)/Developer/Library/Frameworks"
            );
            HEADER_SEARCH_PATHS = (
               "$(inherited)",
               "$(SRCROOT)/Sources/OHHTTPStubs/include"
            );
            INFOPLIST_FILE = "OHHTTPStubs.xcodeproj/OHHTTPStubs_Info.plist";
            LD_RUNPATH_SEARCH_PATHS = (
               "$(inherited)",
               "$(TOOLCHAIN_DIR)/usr/lib/swift/macosx"
            );
            OTHER_CFLAGS = (
               "$(inherited)"
            );
            OTHER_LDFLAGS = (
               "$(inherited)"
            );
            OTHER_SWIFT_FLAGS = (
               "$(inherited)"
            );
            PRODUCT_BUNDLE_IDENTIFIER = "OHHTTPStubs";
            PRODUCT_MODULE_NAME = "$(TARGET_NAME:c99extidentifier)";
            PRODUCT_NAME = "$(TARGET_NAME:c99extidentifier)";
            SKIP_INSTALL = "YES";
            SWIFT_ACTIVE_COMPILATION_CONDITIONS = (
               "$(inherited)"
            );
            TARGET_NAME = "OHHTTPStubs";
         };
         name = "Debug";
      };
      "OBJ_58" = {
         isa = "XCBuildConfiguration";
         buildSettings = {
            DEFINES_MODULE = "NO";
            ENABLE_TESTABILITY = "YES";
            FRAMEWORK_SEARCH_PATHS = (
               "$(inherited)",
               "$(PLATFORM_DIR)/Developer/Library/Frameworks"
            );
            HEADER_SEARCH_PATHS = (
               "$(inherited)",
               "$(SRCROOT)/Sources/OHHTTPStubs/include"
            );
            INFOPLIST_FILE = "OHHTTPStubs.xcodeproj/OHHTTPStubs_Info.plist";
            LD_RUNPATH_SEARCH_PATHS = (
               "$(inherited)",
               "$(TOOLCHAIN_DIR)/usr/lib/swift/macosx"
            );
            OTHER_CFLAGS = (
               "$(inherited)"
            );
            OTHER_LDFLAGS = (
               "$(inherited)"
            );
            OTHER_SWIFT_FLAGS = (
               "$(inherited)"
            );
            PRODUCT_BUNDLE_IDENTIFIER = "OHHTTPStubs";
            PRODUCT_MODULE_NAME = "$(TARGET_NAME:c99extidentifier)";
            PRODUCT_NAME = "$(TARGET_NAME:c99extidentifier)";
            SKIP_INSTALL = "YES";
            SWIFT_ACTIVE_COMPILATION_CONDITIONS = (
               "$(inherited)"
            );
            TARGET_NAME = "OHHTTPStubs";
         };
         name = "Release";
      };
      "OBJ_59" = {
         isa = "PBXSourcesBuildPhase";
         files = (
            "OBJ_60",
            "OBJ_61",
            "OBJ_62",
            "OBJ_63",
            "OBJ_64",
            "OBJ_65",
            "OBJ_66"
         );
      };
      "OBJ_6" = {
         isa = "PBXFileReference";
         explicitFileType = "sourcecode.swift";
         path = "Package.swift";
         sourceTree = "<group>";
      };
      "OBJ_60" = {
         isa = "PBXBuildFile";
         fileRef = "OBJ_10";
      };
      "OBJ_61" = {
         isa = "PBXBuildFile";
         fileRef = "OBJ_11";
      };
      "OBJ_62" = {
         isa = "PBXBuildFile";
         fileRef = "OBJ_12";
      };
      "OBJ_63" = {
         isa = "PBXBuildFile";
         fileRef = "OBJ_13";
      };
      "OBJ_64" = {
         isa = "PBXBuildFile";
         fileRef = "OBJ_14";
      };
      "OBJ_65" = {
         isa = "PBXBuildFile";
         fileRef = "OBJ_15";
      };
      "OBJ_66" = {
         isa = "PBXBuildFile";
         fileRef = "OBJ_16";
      };
      "OBJ_67" = {
         isa = "PBXFrameworksBuildPhase";
         files = (
         );
      };
      "OBJ_69" = {
         isa = "XCConfigurationList";
         buildConfigurations = (
            "OBJ_70",
            "OBJ_71"
         );
         defaultConfigurationIsVisible = "0";
         defaultConfigurationName = "Release";
      };
      "OBJ_7" = {
         isa = "PBXGroup";
         children = (
            "OBJ_8",
            "OBJ_25"
         );
         name = "Sources";
         path = "";
         sourceTree = "SOURCE_ROOT";
      };
      "OBJ_70" = {
         isa = "XCBuildConfiguration";
         buildSettings = {
            LD = "/usr/bin/true";
            OTHER_SWIFT_FLAGS = (
               "-swift-version",
               "4",
               "-I",
               "$(TOOLCHAIN_DIR)/usr/lib/swift/pm/4",
               "-target",
               "x86_64-apple-macosx10.10",
               "-sdk",
               "/Applications/Xcode.app/Contents/Developer/Platforms/MacOSX.platform/Developer/SDKs/MacOSX10.15.sdk",
               "-package-description-version",
               "4"
            );
            SWIFT_VERSION = "4.0";
         };
         name = "Debug";
      };
      "OBJ_71" = {
         isa = "XCBuildConfiguration";
         buildSettings = {
            LD = "/usr/bin/true";
            OTHER_SWIFT_FLAGS = (
               "-swift-version",
               "4",
               "-I",
               "$(TOOLCHAIN_DIR)/usr/lib/swift/pm/4",
               "-target",
               "x86_64-apple-macosx10.10",
               "-sdk",
               "/Applications/Xcode.app/Contents/Developer/Platforms/MacOSX.platform/Developer/SDKs/MacOSX10.15.sdk",
               "-package-description-version",
               "4"
            );
            SWIFT_VERSION = "4.0";
         };
         name = "Release";
      };
      "OBJ_72" = {
         isa = "PBXSourcesBuildPhase";
         files = (
            "OBJ_73"
         );
      };
      "OBJ_73" = {
         isa = "PBXBuildFile";
         fileRef = "OBJ_6";
      };
      "OBJ_75" = {
         isa = "XCConfigurationList";
         buildConfigurations = (
            "OBJ_76",
            "OBJ_77"
         );
         defaultConfigurationIsVisible = "0";
         defaultConfigurationName = "Release";
      };
      "OBJ_76" = {
         isa = "XCBuildConfiguration";
         buildSettings = {
         };
         name = "Debug";
      };
      "OBJ_77" = {
         isa = "XCBuildConfiguration";
         buildSettings = {
         };
         name = "Release";
      };
      "OBJ_78" = {
         isa = "PBXTargetDependency";
         target = "OHHTTPStubs::OHHTTPStubsTests";
      };
      "OBJ_8" = {
         isa = "PBXGroup";
         children = (
            "OBJ_9",
            "OBJ_10",
            "OBJ_11",
            "OBJ_12",
            "OBJ_13",
            "OBJ_14",
            "OBJ_15",
            "OBJ_16",
            "OBJ_17"
         );
         name = "OHHTTPStubs";
         path = "Sources/OHHTTPStubs";
         sourceTree = "SOURCE_ROOT";
      };
      "OBJ_80" = {
         isa = "PBXTargetDependency";
         target = "OHHTTPStubs::OHHTTPStubsSwiftTests";
      };
      "OBJ_83" = {
         isa = "XCConfigurationList";
         buildConfigurations = (
            "OBJ_84",
            "OBJ_85"
         );
         defaultConfigurationIsVisible = "0";
         defaultConfigurationName = "Release";
      };
      "OBJ_84" = {
         isa = "XCBuildConfiguration";
         buildSettings = {
            ENABLE_TESTABILITY = "YES";
            FRAMEWORK_SEARCH_PATHS = (
               "$(inherited)",
               "$(PLATFORM_DIR)/Developer/Library/Frameworks"
            );
            HEADER_SEARCH_PATHS = (
               "$(inherited)",
               "$(SRCROOT)/Sources/OHHTTPStubs/include",
               "$(SRCROOT)/OHHTTPStubs.xcodeproj/GeneratedModuleMap/OHHTTPStubs"
            );
            INFOPLIST_FILE = "OHHTTPStubs.xcodeproj/OHHTTPStubsSwift_Info.plist";
            LD_RUNPATH_SEARCH_PATHS = (
               "$(inherited)",
               "$(TOOLCHAIN_DIR)/usr/lib/swift/macosx"
            );
            OTHER_CFLAGS = (
               "$(inherited)"
            );
            OTHER_LDFLAGS = (
               "$(inherited)"
            );
            OTHER_SWIFT_FLAGS = (
               "$(inherited)",
               "-Xcc",
               "-fmodule-map-file=$(SRCROOT)/OHHTTPStubs.xcodeproj/GeneratedModuleMap/OHHTTPStubs/module.modulemap"
            );
            PRODUCT_BUNDLE_IDENTIFIER = "OHHTTPStubsSwift";
            PRODUCT_MODULE_NAME = "$(TARGET_NAME:c99extidentifier)";
            PRODUCT_NAME = "$(TARGET_NAME:c99extidentifier)";
            SKIP_INSTALL = "YES";
            SWIFT_ACTIVE_COMPILATION_CONDITIONS = (
               "$(inherited)"
            );
            SWIFT_VERSION = "4.0";
            TARGET_NAME = "OHHTTPStubsSwift";
         };
         name = "Debug";
      };
      "OBJ_85" = {
         isa = "XCBuildConfiguration";
         buildSettings = {
            ENABLE_TESTABILITY = "YES";
            FRAMEWORK_SEARCH_PATHS = (
               "$(inherited)",
               "$(PLATFORM_DIR)/Developer/Library/Frameworks"
            );
            HEADER_SEARCH_PATHS = (
               "$(inherited)",
               "$(SRCROOT)/Sources/OHHTTPStubs/include",
               "$(SRCROOT)/OHHTTPStubs.xcodeproj/GeneratedModuleMap/OHHTTPStubs"
            );
            INFOPLIST_FILE = "OHHTTPStubs.xcodeproj/OHHTTPStubsSwift_Info.plist";
            LD_RUNPATH_SEARCH_PATHS = (
               "$(inherited)",
               "$(TOOLCHAIN_DIR)/usr/lib/swift/macosx"
            );
            OTHER_CFLAGS = (
               "$(inherited)"
            );
            OTHER_LDFLAGS = (
               "$(inherited)"
            );
            OTHER_SWIFT_FLAGS = (
               "$(inherited)",
               "-Xcc",
               "-fmodule-map-file=$(SRCROOT)/OHHTTPStubs.xcodeproj/GeneratedModuleMap/OHHTTPStubs/module.modulemap"
            );
            PRODUCT_BUNDLE_IDENTIFIER = "OHHTTPStubsSwift";
            PRODUCT_MODULE_NAME = "$(TARGET_NAME:c99extidentifier)";
            PRODUCT_NAME = "$(TARGET_NAME:c99extidentifier)";
            SKIP_INSTALL = "YES";
            SWIFT_ACTIVE_COMPILATION_CONDITIONS = (
               "$(inherited)"
            );
            SWIFT_VERSION = "4.0";
            TARGET_NAME = "OHHTTPStubsSwift";
         };
         name = "Release";
      };
      "OBJ_86" = {
         isa = "PBXSourcesBuildPhase";
         files = (
            "OBJ_87"
         );
      };
      "OBJ_87" = {
         isa = "PBXBuildFile";
         fileRef = "OBJ_26";
      };
      "OBJ_88" = {
         isa = "PBXFrameworksBuildPhase";
         files = (
            "OBJ_89"
         );
      };
      "OBJ_89" = {
         isa = "PBXBuildFile";
         fileRef = "OHHTTPStubs::OHHTTPStubs::Product";
      };
      "OBJ_9" = {
         isa = "PBXFileReference";
         path = "HTTPStubsMethodSwizzling.h";
         sourceTree = "<group>";
      };
      "OBJ_90" = {
         isa = "PBXTargetDependency";
         target = "OHHTTPStubs::OHHTTPStubs";
      };
      "OBJ_91" = {
         isa = "XCConfigurationList";
         buildConfigurations = (
            "OBJ_92",
            "OBJ_93"
         );
         defaultConfigurationIsVisible = "0";
         defaultConfigurationName = "Release";
      };
      "OBJ_92" = {
         isa = "XCBuildConfiguration";
         buildSettings = {
            CLANG_ENABLE_MODULES = "YES";
            EMBEDDED_CONTENT_CONTAINS_SWIFT = "YES";
            FRAMEWORK_SEARCH_PATHS = (
               "$(inherited)",
               "$(PLATFORM_DIR)/Developer/Library/Frameworks"
            );
            HEADER_SEARCH_PATHS = (
               "$(inherited)",
               "$(SRCROOT)/Sources/OHHTTPStubs/include",
               "$(SRCROOT)/OHHTTPStubs.xcodeproj/GeneratedModuleMap/OHHTTPStubs"
            );
            INFOPLIST_FILE = "OHHTTPStubs.xcodeproj/OHHTTPStubsSwiftTests_Info.plist";
            LD_RUNPATH_SEARCH_PATHS = (
               "$(inherited)",
               "@loader_path/../Frameworks",
               "@loader_path/Frameworks"
            );
            OTHER_CFLAGS = (
               "$(inherited)"
            );
            OTHER_LDFLAGS = (
               "$(inherited)"
            );
            OTHER_SWIFT_FLAGS = (
               "$(inherited)",
               "-Xcc",
               "-fmodule-map-file=$(SRCROOT)/OHHTTPStubs.xcodeproj/GeneratedModuleMap/OHHTTPStubs/module.modulemap"
            );
            SWIFT_ACTIVE_COMPILATION_CONDITIONS = (
               "$(inherited)"
            );
            SWIFT_VERSION = "4.0";
            TARGET_NAME = "OHHTTPStubsSwiftTests";
         };
         name = "Debug";
      };
      "OBJ_93" = {
         isa = "XCBuildConfiguration";
         buildSettings = {
            CLANG_ENABLE_MODULES = "YES";
            EMBEDDED_CONTENT_CONTAINS_SWIFT = "YES";
            FRAMEWORK_SEARCH_PATHS = (
               "$(inherited)",
               "$(PLATFORM_DIR)/Developer/Library/Frameworks"
            );
            HEADER_SEARCH_PATHS = (
               "$(inherited)",
               "$(SRCROOT)/Sources/OHHTTPStubs/include",
               "$(SRCROOT)/OHHTTPStubs.xcodeproj/GeneratedModuleMap/OHHTTPStubs"
            );
            INFOPLIST_FILE = "OHHTTPStubs.xcodeproj/OHHTTPStubsSwiftTests_Info.plist";
            LD_RUNPATH_SEARCH_PATHS = (
               "$(inherited)",
               "@loader_path/../Frameworks",
               "@loader_path/Frameworks"
            );
            OTHER_CFLAGS = (
               "$(inherited)"
            );
            OTHER_LDFLAGS = (
               "$(inherited)"
            );
            OTHER_SWIFT_FLAGS = (
               "$(inherited)",
               "-Xcc",
               "-fmodule-map-file=$(SRCROOT)/OHHTTPStubs.xcodeproj/GeneratedModuleMap/OHHTTPStubs/module.modulemap"
            );
            SWIFT_ACTIVE_COMPILATION_CONDITIONS = (
               "$(inherited)"
            );
            SWIFT_VERSION = "4.0";
            TARGET_NAME = "OHHTTPStubsSwiftTests";
         };
         name = "Release";
      };
      "OBJ_94" = {
         isa = "PBXSourcesBuildPhase";
         files = (
            "OBJ_95"
         );
      };
      "OBJ_95" = {
         isa = "PBXBuildFile";
         fileRef = "OBJ_29";
      };
      "OBJ_96" = {
         isa = "PBXFrameworksBuildPhase";
         files = (
            "OBJ_97",
            "OBJ_98"
         );
      };
      "OBJ_97" = {
         isa = "PBXBuildFile";
         fileRef = "OHHTTPStubs::OHHTTPStubsSwift::Product";
      };
      "OBJ_98" = {
         isa = "PBXBuildFile";
         fileRef = "OHHTTPStubs::OHHTTPStubs::Product";
      };
      "OBJ_99" = {
         isa = "PBXTargetDependency";
         target = "OHHTTPStubs::OHHTTPStubsSwift";
      };
      "OHHTTPStubs::OHHTTPStubs" = {
         isa = "PBXNativeTarget";
         buildConfigurationList = "OBJ_56";
         buildPhases = (
            "OBJ_59",
            "OBJ_67"
         );
         dependencies = (
         );
         name = "OHHTTPStubs";
         productName = "OHHTTPStubs";
         productReference = "OHHTTPStubs::OHHTTPStubs::Product";
         productType = "com.apple.product-type.framework";
      };
      "OHHTTPStubs::OHHTTPStubs::Product" = {
         isa = "PBXFileReference";
         path = "OHHTTPStubs.framework";
         sourceTree = "BUILT_PRODUCTS_DIR";
      };
      "OHHTTPStubs::OHHTTPStubsPackageTests::ProductTarget" = {
         isa = "PBXAggregateTarget";
         buildConfigurationList = "OBJ_75";
         buildPhases = (
         );
         dependencies = (
            "OBJ_78",
            "OBJ_80"
         );
         name = "OHHTTPStubsPackageTests";
         productName = "OHHTTPStubsPackageTests";
      };
      "OHHTTPStubs::OHHTTPStubsSwift" = {
         isa = "PBXNativeTarget";
         buildConfigurationList = "OBJ_83";
         buildPhases = (
            "OBJ_86",
            "OBJ_88"
         );
         dependencies = (
            "OBJ_90"
         );
         name = "OHHTTPStubsSwift";
         productName = "OHHTTPStubsSwift";
         productReference = "OHHTTPStubs::OHHTTPStubsSwift::Product";
         productType = "com.apple.product-type.framework";
      };
      "OHHTTPStubs::OHHTTPStubsSwift::Product" = {
         isa = "PBXFileReference";
         path = "OHHTTPStubsSwift.framework";
         sourceTree = "BUILT_PRODUCTS_DIR";
      };
      "OHHTTPStubs::OHHTTPStubsSwiftTests" = {
         isa = "PBXNativeTarget";
         buildConfigurationList = "OBJ_91";
         buildPhases = (
            "OBJ_94",
            "OBJ_96"
         );
         dependencies = (
            "OBJ_99",
            "OBJ_100"
         );
         name = "OHHTTPStubsSwiftTests";
         productName = "OHHTTPStubsSwiftTests";
         productReference = "OHHTTPStubs::OHHTTPStubsSwiftTests::Product";
         productType = "com.apple.product-type.bundle.unit-test";
      };
      "OHHTTPStubs::OHHTTPStubsSwiftTests::Product" = {
         isa = "PBXFileReference";
         path = "OHHTTPStubsSwiftTests.xctest";
         sourceTree = "BUILT_PRODUCTS_DIR";
      };
      "OHHTTPStubs::OHHTTPStubsTests" = {
         isa = "PBXNativeTarget";
         buildConfigurationList = "OBJ_101";
         buildPhases = (
            "OBJ_104",
            "OBJ_113"
         );
         dependencies = (
            "OBJ_115"
         );
         name = "OHHTTPStubsTests";
         productName = "OHHTTPStubsTests";
         productReference = "OHHTTPStubs::OHHTTPStubsTests::Product";
         productType = "com.apple.product-type.bundle.unit-test";
      };
      "OHHTTPStubs::OHHTTPStubsTests::Product" = {
         isa = "PBXFileReference";
         path = "OHHTTPStubsTests.xctest";
         sourceTree = "BUILT_PRODUCTS_DIR";
      };
      "OHHTTPStubs::SwiftPMPackageDescription" = {
         isa = "PBXNativeTarget";
         buildConfigurationList = "OBJ_69";
         buildPhases = (
            "OBJ_72"
         );
         dependencies = (
         );
         name = "OHHTTPStubsPackageDescription";
         productName = "OHHTTPStubsPackageDescription";
         productType = "com.apple.product-type.framework";
      };
   };
   rootObject = "OBJ_1";
}
