PODS:
  - OHHTTPStubs (7.0.0):
    - OHHTTPStubs/Default (= 7.0.0)
  - OHHTTPStubs/Core (7.0.0)
  - OHHTTPStubs/Default (7.0.0):
    - OHHTTPStubs/Core
    - OHHTTPStubs/JSON
    - OHHTTPStubs/NSURLSession
    - OHHTTPStubs/OHPathHelpers
  - OHHTTPStubs/JSON (7.0.0):
    - OHHTTPStubs/Core
  - OHHTTPStubs/NSURLSession (7.0.0):
    - OHHTTPStubs/Core
  - OHHTTPStubs/OHPathHelpers (7.0.0)
  - OHHTTPStubs/Swift (7.0.0):
    - OHHTTPStubs/Default

DEPENDENCIES:
  - OHHTTPStubs (from `../..`)
  - OHHTTPStubs/Swift (from `../..`)

EXTERNAL SOURCES:
  OHHTTPStubs:
    :path: "../.."

SPEC CHECKSUMS:
  OHHTTPStubs: ef33a2c353110d306bb98f695435ec56ff5a26c3

PODFILE CHECKSUM: 7da7c441ea9ff6f06b633c908b7a7294805f5602

COCOAPODS: 1.6.0
