PODS:
  - OHHTTPStubs (5.2.1):
    - OHHTTPStubs/Default (= 5.2.1)
  - OHHTTPStubs/Core (5.2.1)
  - OHHTTPStubs/Default (5.2.1):
    - OHHTTPStubs/Core
    - OHHTTPStubs/JSON
    - OHHTTPStubs/NSURLSession
    - OHHTTPStubs/OHPathHelpers
  - OHHTTPStubs/JSON (5.2.1):
    - OHHTTPStubs/Core
  - OHHTTPStubs/NSURLSession (5.2.1):
    - OHHTTPStubs/Core
  - OHHTTPStubs/OHPathHelpers (5.2.1)
  - OHHTTPStubs/Swift (5.2.1):
    - OHHTTPStubs/Core

DEPENDENCIES:
  - OHHTTPStubs (from `../..`)
  - OHHTTPStubs/Swift (from `../..`)

EXTERNAL SOURCES:
  OHHTTPStubs:
    :path: ../..

SPEC CHECKSUMS:
  OHHTTPStubs: 3a42f25c00563b71355ac73112ba2324e9e6cef4

PODFILE CHECKSUM: 7da7c441ea9ff6f06b633c908b7a7294805f5602

COCOAPODS: 1.0.1
