// !$*UTF8*$!
{
	archiveVersion = 1;
	classes = {
	};
	objectVersion = 46;
	objects = {

/* Begin PBXBuildFile section */
		09739F2C16900E81009851EF /* AFNetworkingTests.m in Sources */ = {isa = PBXBuildFile; fileRef = 09739F2B16900E81009851EF /* AFNetworkingTests.m */; };
		0979357D161B6251006DB5D5 /* Foundation.framework in Frameworks */ = {isa = PBXBuildFile; fileRef = 0979357C161B6251006DB5D5 /* Foundation.framework */; };
		0979359B161B62C0006DB5D5 /* OHHTTPStubs.m in Sources */ = {isa = PBXBuildFile; fileRef = 09793598161B62C0006DB5D5 /* OHHTTPStubs.m */; };
		0979359C161B62C0006DB5D5 /* OHHTTPStubsResponse.m in Sources */ = {isa = PBXBuildFile; fileRef = 0979359A161B62C0006DB5D5 /* OHHTTPStubsResponse.m */; };
		0979359E161B62EF006DB5D5 /* OHHTTPStubs.h in Headers */ = {isa = PBXBuildFile; fileRef = 09793597161B62C0006DB5D5 /* OHHTTPStubs.h */; settings = {ATTRIBUTES = (Public, ); }; };
		0979359F161B62EF006DB5D5 /* OHHTTPStubsResponse.h in Headers */ = {isa = PBXBuildFile; fileRef = 09793599161B62C0006DB5D5 /* OHHTTPStubsResponse.h */; settings = {ATTRIBUTES = (Public, ); }; };
		098368D0168FC7920082B1A4 /* SenTestingKit.framework in Frameworks */ = {isa = PBXBuildFile; fileRef = 098368CF168FC7920082B1A4 /* SenTestingKit.framework */; };
		098368D3168FC7920082B1A4 /* Foundation.framework in Frameworks */ = {isa = PBXBuildFile; fileRef = 0979357C161B6251006DB5D5 /* Foundation.framework */; };
		098368DC168FC7920082B1A4 /* AsyncSenTestCase.m in Sources */ = {isa = PBXBuildFile; fileRef = 098368DB168FC7920082B1A4 /* AsyncSenTestCase.m */; };
		098368E4168FD0E50082B1A4 /* NSURLConnectionTests.m in Sources */ = {isa = PBXBuildFile; fileRef = 098368E3168FD0E50082B1A4 /* NSURLConnectionTests.m */; };
		098368E8168FE49A0082B1A4 /* libOHHTTPStubs.a in Frameworks */ = {isa = PBXBuildFile; fileRef = 09793579161B6251006DB5D5 /* libOHHTTPStubs.a */; };
		098368EA168FF9740082B1A4 /* NSURLConnectionDelegateTests.m in Sources */ = {isa = PBXBuildFile; fileRef = 098368E9168FF9740082B1A4 /* NSURLConnectionDelegateTests.m */; };
		098368EC169000340082B1A4 /* WithContentsOfURLTests.m in Sources */ = {isa = PBXBuildFile; fileRef = 098368EB169000340082B1A4 /* WithContentsOfURLTests.m */; };
		099C73541690397600239880 /* AFHTTPRequestOperation.m in Sources */ = {isa = PBXBuildFile; fileRef = 099C73501690397600239880 /* AFHTTPRequestOperation.m */; settings = {COMPILER_FLAGS = "-fobjc-arc"; }; };
		099C73551690397600239880 /* AFURLConnectionOperation.m in Sources */ = {isa = PBXBuildFile; fileRef = 099C73531690397600239880 /* AFURLConnectionOperation.m */; settings = {COMPILER_FLAGS = "-fobjc-arc"; }; };
		099C735716903B9800239880 /* UIKit.framework in Frameworks */ = {isa = PBXBuildFile; fileRef = 099C735616903B9800239880 /* UIKit.framework */; };
/* End PBXBuildFile section */

/* Begin PBXFileReference section */
		09739F2B16900E81009851EF /* AFNetworkingTests.m */ = {isa = PBXFileReference; fileEncoding = 4; lastKnownFileType = sourcecode.c.objc; path = AFNetworkingTests.m; sourceTree = "<group>"; };
		09793579161B6251006DB5D5 /* libOHHTTPStubs.a */ = {isa = PBXFileReference; explicitFileType = archive.ar; includeInIndex = 0; path = libOHHTTPStubs.a; sourceTree = BUILT_PRODUCTS_DIR; };
		0979357C161B6251006DB5D5 /* Foundation.framework */ = {isa = PBXFileReference; lastKnownFileType = wrapper.framework; name = Foundation.framework; path = System/Library/Frameworks/Foundation.framework; sourceTree = SDKROOT; };
		09793597161B62C0006DB5D5 /* OHHTTPStubs.h */ = {isa = PBXFileReference; fileEncoding = 4; lastKnownFileType = sourcecode.c.h; path = OHHTTPStubs.h; sourceTree = "<group>"; };
		09793598161B62C0006DB5D5 /* OHHTTPStubs.m */ = {isa = PBXFileReference; fileEncoding = 4; lastKnownFileType = sourcecode.c.objc; path = OHHTTPStubs.m; sourceTree = "<group>"; };
		09793599161B62C0006DB5D5 /* OHHTTPStubsResponse.h */ = {isa = PBXFileReference; fileEncoding = 4; lastKnownFileType = sourcecode.c.h; path = OHHTTPStubsResponse.h; sourceTree = "<group>"; };
		0979359A161B62C0006DB5D5 /* OHHTTPStubsResponse.m */ = {isa = PBXFileReference; fileEncoding = 4; lastKnownFileType = sourcecode.c.objc; path = OHHTTPStubsResponse.m; sourceTree = "<group>"; };
		097935A0161B644E006DB5D5 /* PortableLibrary.xcconfig */ = {isa = PBXFileReference; lastKnownFileType = text.xcconfig; path = PortableLibrary.xcconfig; sourceTree = "<group>"; };
		098368CE168FC7920082B1A4 /* UnitTests.octest */ = {isa = PBXFileReference; explicitFileType = wrapper.cfbundle; includeInIndex = 0; path = UnitTests.octest; sourceTree = BUILT_PRODUCTS_DIR; };
		098368CF168FC7920082B1A4 /* SenTestingKit.framework */ = {isa = PBXFileReference; lastKnownFileType = wrapper.framework; name = SenTestingKit.framework; path = Library/Frameworks/SenTestingKit.framework; sourceTree = DEVELOPER_DIR; };
		098368D6168FC7920082B1A4 /* UnitTests-Info.plist */ = {isa = PBXFileReference; lastKnownFileType = text.plist.xml; path = "UnitTests-Info.plist"; sourceTree = "<group>"; };
		098368DA168FC7920082B1A4 /* AsyncSenTestCase.h */ = {isa = PBXFileReference; lastKnownFileType = sourcecode.c.h; path = AsyncSenTestCase.h; sourceTree = "<group>"; };
		098368DB168FC7920082B1A4 /* AsyncSenTestCase.m */ = {isa = PBXFileReference; lastKnownFileType = sourcecode.c.objc; path = AsyncSenTestCase.m; sourceTree = "<group>"; };
		098368DD168FC7920082B1A4 /* UnitTests-Prefix.pch */ = {isa = PBXFileReference; lastKnownFileType = sourcecode.c.h; path = "UnitTests-Prefix.pch"; sourceTree = "<group>"; };
		098368E3168FD0E50082B1A4 /* NSURLConnectionTests.m */ = {isa = PBXFileReference; fileEncoding = 4; lastKnownFileType = sourcecode.c.objc; path = NSURLConnectionTests.m; sourceTree = "<group>"; };
		098368E9168FF9740082B1A4 /* NSURLConnectionDelegateTests.m */ = {isa = PBXFileReference; fileEncoding = 4; lastKnownFileType = sourcecode.c.objc; path = NSURLConnectionDelegateTests.m; sourceTree = "<group>"; };
		098368EB169000340082B1A4 /* WithContentsOfURLTests.m */ = {isa = PBXFileReference; fileEncoding = 4; lastKnownFileType = sourcecode.c.objc; path = WithContentsOfURLTests.m; sourceTree = "<group>"; };
		099C734F1690397600239880 /* AFHTTPRequestOperation.h */ = {isa = PBXFileReference; fileEncoding = 4; lastKnownFileType = sourcecode.c.h; path = AFHTTPRequestOperation.h; sourceTree = "<group>"; };
		099C73501690397600239880 /* AFHTTPRequestOperation.m */ = {isa = PBXFileReference; fileEncoding = 4; lastKnownFileType = sourcecode.c.objc; path = AFHTTPRequestOperation.m; sourceTree = "<group>"; };
		099C73521690397600239880 /* AFURLConnectionOperation.h */ = {isa = PBXFileReference; fileEncoding = 4; lastKnownFileType = sourcecode.c.h; path = AFURLConnectionOperation.h; sourceTree = "<group>"; };
		099C73531690397600239880 /* AFURLConnectionOperation.m */ = {isa = PBXFileReference; fileEncoding = 4; lastKnownFileType = sourcecode.c.objc; path = AFURLConnectionOperation.m; sourceTree = "<group>"; };
		099C735616903B9800239880 /* UIKit.framework */ = {isa = PBXFileReference; lastKnownFileType = wrapper.framework; name = UIKit.framework; path = System/Library/Frameworks/UIKit.framework; sourceTree = SDKROOT; };
/* End PBXFileReference section */

/* Begin PBXFrameworksBuildPhase section */
		09793576161B6251006DB5D5 /* Frameworks */ = {
			isa = PBXFrameworksBuildPhase;
			buildActionMask = 2147483647;
			files = (
				0979357D161B6251006DB5D5 /* Foundation.framework in Frameworks */,
			);
			runOnlyForDeploymentPostprocessing = 0;
		};
		098368CA168FC7920082B1A4 /* Frameworks */ = {
			isa = PBXFrameworksBuildPhase;
			buildActionMask = 2147483647;
			files = (
				099C735716903B9800239880 /* UIKit.framework in Frameworks */,
				098368E8168FE49A0082B1A4 /* libOHHTTPStubs.a in Frameworks */,
				098368D0168FC7920082B1A4 /* SenTestingKit.framework in Frameworks */,
				098368D3168FC7920082B1A4 /* Foundation.framework in Frameworks */,
			);
			runOnlyForDeploymentPostprocessing = 0;
		};
/* End PBXFrameworksBuildPhase section */

/* Begin PBXGroup section */
		0979356E161B6251006DB5D5 = {
			isa = PBXGroup;
			children = (
				097935A0161B644E006DB5D5 /* PortableLibrary.xcconfig */,
				0979357E161B6251006DB5D5 /* OHHTTPStubs */,
				098368D4168FC7920082B1A4 /* UnitTests */,
				0979357B161B6251006DB5D5 /* Frameworks */,
				0979357A161B6251006DB5D5 /* Products */,
			);
			sourceTree = "<group>";
		};
		0979357A161B6251006DB5D5 /* Products */ = {
			isa = PBXGroup;
			children = (
				09793579161B6251006DB5D5 /* libOHHTTPStubs.a */,
				098368CE168FC7920082B1A4 /* UnitTests.octest */,
			);
			name = Products;
			sourceTree = "<group>";
		};
		0979357B161B6251006DB5D5 /* Frameworks */ = {
			isa = PBXGroup;
			children = (
				0979357C161B6251006DB5D5 /* Foundation.framework */,
			);
			name = Frameworks;
			sourceTree = "<group>";
		};
		0979357E161B6251006DB5D5 /* OHHTTPStubs */ = {
			isa = PBXGroup;
			children = (
				09793597161B62C0006DB5D5 /* OHHTTPStubs.h */,
				09793598161B62C0006DB5D5 /* OHHTTPStubs.m */,
				09793599161B62C0006DB5D5 /* OHHTTPStubsResponse.h */,
				0979359A161B62C0006DB5D5 /* OHHTTPStubsResponse.m */,
			);
			name = OHHTTPStubs;
			sourceTree = SOURCE_ROOT;
		};
		098368D4168FC7920082B1A4 /* UnitTests */ = {
			isa = PBXGroup;
			children = (
				099C734E1690394800239880 /* AFNetworking */,
				098368E5168FD0FF0082B1A4 /* Test Suites */,
				098368DA168FC7920082B1A4 /* AsyncSenTestCase.h */,
				098368DB168FC7920082B1A4 /* AsyncSenTestCase.m */,
				098368D5168FC7920082B1A4 /* Supporting Files */,
			);
			path = UnitTests;
			sourceTree = "<group>";
		};
		098368D5168FC7920082B1A4 /* Supporting Files */ = {
			isa = PBXGroup;
			children = (
				098368D6168FC7920082B1A4 /* UnitTests-Info.plist */,
				098368DD168FC7920082B1A4 /* UnitTests-Prefix.pch */,
				099C735616903B9800239880 /* UIKit.framework */,
				098368CF168FC7920082B1A4 /* SenTestingKit.framework */,
			);
			name = "Supporting Files";
			sourceTree = "<group>";
		};
		098368E5168FD0FF0082B1A4 /* Test Suites */ = {
			isa = PBXGroup;
			children = (
				098368E3168FD0E50082B1A4 /* NSURLConnectionTests.m */,
				098368E9168FF9740082B1A4 /* NSURLConnectionDelegateTests.m */,
				098368EB169000340082B1A4 /* WithContentsOfURLTests.m */,
				09739F2B16900E81009851EF /* AFNetworkingTests.m */,
			);
			path = "Test Suites";
			sourceTree = "<group>";
		};
		099C734E1690394800239880 /* AFNetworking */ = {
			isa = PBXGroup;
			children = (
				099C734F1690397600239880 /* AFHTTPRequestOperation.h */,
				099C73501690397600239880 /* AFHTTPRequestOperation.m */,
				099C73521690397600239880 /* AFURLConnectionOperation.h */,
				099C73531690397600239880 /* AFURLConnectionOperation.m */,
			);
			name = AFNetworking;
			path = AFNetworking/AFNetworking;
			sourceTree = "<group>";
		};
/* End PBXGroup section */

/* Begin PBXHeadersBuildPhase section */
		0979359D161B62EA006DB5D5 /* Headers */ = {
			isa = PBXHeadersBuildPhase;
			buildActionMask = 2147483647;
			files = (
				0979359E161B62EF006DB5D5 /* OHHTTPStubs.h in Headers */,
				0979359F161B62EF006DB5D5 /* OHHTTPStubsResponse.h in Headers */,
			);
			runOnlyForDeploymentPostprocessing = 0;
		};
/* End PBXHeadersBuildPhase section */

/* Begin PBXNativeTarget section */
		09793578161B6251006DB5D5 /* OHHTTPStubs */ = {
			isa = PBXNativeTarget;
			buildConfigurationList = 09793587161B6251006DB5D5 /* Build configuration list for PBXNativeTarget "OHHTTPStubs" */;
			buildPhases = (
				09793575161B6251006DB5D5 /* Sources */,
				09793576161B6251006DB5D5 /* Frameworks */,
				0979359D161B62EA006DB5D5 /* Headers */,
			);
			buildRules = (
			);
			dependencies = (
			);
			name = OHHTTPStubs;
			productName = OHHTTPStubs;
			productReference = 09793579161B6251006DB5D5 /* libOHHTTPStubs.a */;
			productType = "com.apple.product-type.library.static";
		};
		098368CD168FC7920082B1A4 /* UnitTests */ = {
			isa = PBXNativeTarget;
			buildConfigurationList = 098368E0168FC7920082B1A4 /* Build configuration list for PBXNativeTarget "UnitTests" */;
			buildPhases = (
				098368C9168FC7920082B1A4 /* Sources */,
				098368CA168FC7920082B1A4 /* Frameworks */,
				098368CB168FC7920082B1A4 /* Resources */,
				098368CC168FC7920082B1A4 /* ShellScript */,
			);
			buildRules = (
			);
			dependencies = (
			);
			name = UnitTests;
			productName = "OHHTTPStubs Unit Tests";
			productReference = 098368CE168FC7920082B1A4 /* UnitTests.octest */;
			productType = "com.apple.product-type.bundle";
		};
/* End PBXNativeTarget section */

/* Begin PBXProject section */
		09793570161B6251006DB5D5 /* Project object */ = {
			isa = PBXProject;
			attributes = {
				LastUpgradeCheck = 0450;
				ORGANIZATIONNAME = AliSoftware;
			};
			buildConfigurationList = 09793573161B6251006DB5D5 /* Build configuration list for PBXProject "OHHTTPStubs" */;
			compatibilityVersion = "Xcode 3.2";
			developmentRegion = English;
			hasScannedForEncodings = 0;
			knownRegions = (
				en,
			);
			mainGroup = 0979356E161B6251006DB5D5;
			productRefGroup = 0979357A161B6251006DB5D5 /* Products */;
			projectDirPath = "";
			projectRoot = "";
			targets = (
				09793578161B6251006DB5D5 /* OHHTTPStubs */,
				098368CD168FC7920082B1A4 /* UnitTests */,
			);
		};
/* End PBXProject section */

/* Begin PBXResourcesBuildPhase section */
		098368CB168FC7920082B1A4 /* Resources */ = {
			isa = PBXResourcesBuildPhase;
			buildActionMask = 2147483647;
			files = (
			);
			runOnlyForDeploymentPostprocessing = 0;
		};
/* End PBXResourcesBuildPhase section */

/* Begin PBXShellScriptBuildPhase section */
		098368CC168FC7920082B1A4 /* ShellScript */ = {
			isa = PBXShellScriptBuildPhase;
			buildActionMask = 2147483647;
			files = (
			);
			inputPaths = (
			);
			outputPaths = (
			);
			runOnlyForDeploymentPostprocessing = 0;
			shellPath = /bin/sh;
			shellScript = "# Run the unit tests in this test bundle.\n\"${SYSTEM_DEVELOPER_DIR}/Tools/RunUnitTests\"\n";
		};
/* End PBXShellScriptBuildPhase section */

/* Begin PBXSourcesBuildPhase section */
		09793575161B6251006DB5D5 /* Sources */ = {
			isa = PBXSourcesBuildPhase;
			buildActionMask = 2147483647;
			files = (
				0979359B161B62C0006DB5D5 /* OHHTTPStubs.m in Sources */,
				0979359C161B62C0006DB5D5 /* OHHTTPStubsResponse.m in Sources */,
			);
			runOnlyForDeploymentPostprocessing = 0;
		};
		098368C9168FC7920082B1A4 /* Sources */ = {
			isa = PBXSourcesBuildPhase;
			buildActionMask = 2147483647;
			files = (
				098368DC168FC7920082B1A4 /* AsyncSenTestCase.m in Sources */,
				098368E4168FD0E50082B1A4 /* NSURLConnectionTests.m in Sources */,
				098368EA168FF9740082B1A4 /* NSURLConnectionDelegateTests.m in Sources */,
				098368EC169000340082B1A4 /* WithContentsOfURLTests.m in Sources */,
				09739F2C16900E81009851EF /* AFNetworkingTests.m in Sources */,
				099C73541690397600239880 /* AFHTTPRequestOperation.m in Sources */,
				099C73551690397600239880 /* AFURLConnectionOperation.m in Sources */,
			);
			runOnlyForDeploymentPostprocessing = 0;
		};
/* End PBXSourcesBuildPhase section */

/* Begin XCBuildConfiguration section */
		09793585161B6251006DB5D5 /* Debug */ = {
			isa = XCBuildConfiguration;
			buildSettings = {
				ALWAYS_SEARCH_USER_PATHS = NO;
				CLANG_CXX_LANGUAGE_STANDARD = "gnu++0x";
				CLANG_CXX_LIBRARY = "libc++";
				CLANG_WARN_EMPTY_BODY = YES;
				CLANG_WARN__DUPLICATE_METHOD_MATCH = YES;
				COPY_PHASE_STRIP = NO;
				GCC_C_LANGUAGE_STANDARD = gnu99;
				GCC_DYNAMIC_NO_PIC = NO;
				GCC_OPTIMIZATION_LEVEL = 0;
				GCC_PREPROCESSOR_DEFINITIONS = (
					"DEBUG=1",
					"$(inherited)",
				);
				GCC_SYMBOLS_PRIVATE_EXTERN = NO;
				GCC_WARN_ABOUT_RETURN_TYPE = YES;
				GCC_WARN_UNINITIALIZED_AUTOS = YES;
				GCC_WARN_UNUSED_VARIABLE = YES;
				IPHONEOS_DEPLOYMENT_TARGET = 5.0;
				SDKROOT = iphoneos;
			};
			name = Debug;
		};
		09793586161B6251006DB5D5 /* Release */ = {
			isa = XCBuildConfiguration;
			buildSettings = {
				ALWAYS_SEARCH_USER_PATHS = NO;
				CLANG_CXX_LANGUAGE_STANDARD = "gnu++0x";
				CLANG_CXX_LIBRARY = "libc++";
				CLANG_WARN_EMPTY_BODY = YES;
				CLANG_WARN__DUPLICATE_METHOD_MATCH = YES;
				COPY_PHASE_STRIP = YES;
				GCC_C_LANGUAGE_STANDARD = gnu99;
				GCC_WARN_ABOUT_RETURN_TYPE = YES;
				GCC_WARN_UNINITIALIZED_AUTOS = YES;
				GCC_WARN_UNUSED_VARIABLE = YES;
				IPHONEOS_DEPLOYMENT_TARGET = 5.0;
				SDKROOT = iphoneos;
				VALIDATE_PRODUCT = YES;
			};
			name = Release;
		};
		09793588161B6251006DB5D5 /* Debug */ = {
			isa = XCBuildConfiguration;
			baseConfigurationReference = 097935A0161B644E006DB5D5 /* PortableLibrary.xcconfig */;
			buildSettings = {
				DSTROOT = /tmp/OHHTTPStubs.dst;
				GCC_PRECOMPILE_PREFIX_HEADER = YES;
				OTHER_LDFLAGS = "-ObjC";
				PRODUCT_NAME = "$(TARGET_NAME)";
				SKIP_INSTALL = YES;
			};
			name = Debug;
		};
		09793589161B6251006DB5D5 /* Release */ = {
			isa = XCBuildConfiguration;
			baseConfigurationReference = 097935A0161B644E006DB5D5 /* PortableLibrary.xcconfig */;
			buildSettings = {
				DSTROOT = /tmp/OHHTTPStubs.dst;
				GCC_PRECOMPILE_PREFIX_HEADER = YES;
				OTHER_LDFLAGS = "-ObjC";
				PRODUCT_NAME = "$(TARGET_NAME)";
				SKIP_INSTALL = NO;
			};
			name = Release;
		};
		098368DE168FC7920082B1A4 /* Debug */ = {
			isa = XCBuildConfiguration;
			buildSettings = {
				FRAMEWORK_SEARCH_PATHS = (
					"\"$(SDKROOT)/Developer/Library/Frameworks\"",
					"\"$(DEVELOPER_LIBRARY_DIR)/Frameworks\"",
				);
				GCC_PRECOMPILE_PREFIX_HEADER = YES;
				GCC_PREFIX_HEADER = "UnitTests/UnitTests-Prefix.pch";
				INFOPLIST_FILE = "UnitTests/UnitTests-Info.plist";
				ONLY_ACTIVE_ARCH = YES;
				PRODUCT_NAME = "$(TARGET_NAME)";
				WRAPPER_EXTENSION = octest;
			};
			name = Debug;
		};
		098368DF168FC7920082B1A4 /* Release */ = {
			isa = XCBuildConfiguration;
			buildSettings = {
				FRAMEWORK_SEARCH_PATHS = (
					"\"$(SDKROOT)/Developer/Library/Frameworks\"",
					"\"$(DEVELOPER_LIBRARY_DIR)/Frameworks\"",
				);
				GCC_PRECOMPILE_PREFIX_HEADER = YES;
				GCC_PREFIX_HEADER = "UnitTests/UnitTests-Prefix.pch";
				INFOPLIST_FILE = "UnitTests/UnitTests-Info.plist";
				PRODUCT_NAME = "$(TARGET_NAME)";
				WRAPPER_EXTENSION = octest;
			};
			name = Release;
		};
/* End XCBuildConfiguration section */

/* Begin XCConfigurationList section */
		09793573161B6251006DB5D5 /* Build configuration list for PBXProject "OHHTTPStubs" */ = {
			isa = XCConfigurationList;
			buildConfigurations = (
				09793585161B6251006DB5D5 /* Debug */,
				09793586161B6251006DB5D5 /* Release */,
			);
			defaultConfigurationIsVisible = 0;
			defaultConfigurationName = Release;
		};
		09793587161B6251006DB5D5 /* Build configuration list for PBXNativeTarget "OHHTTPStubs" */ = {
			isa = XCConfigurationList;
			buildConfigurations = (
				09793588161B6251006DB5D5 /* Debug */,
				09793589161B6251006DB5D5 /* Release */,
			);
			defaultConfigurationIsVisible = 0;
			defaultConfigurationName = Release;
		};
		098368E0168FC7920082B1A4 /* Build configuration list for PBXNativeTarget "UnitTests" */ = {
			isa = XCConfigurationList;
			buildConfigurations = (
				098368DE168FC7920082B1A4 /* Debug */,
				098368DF168FC7920082B1A4 /* Release */,
			);
			defaultConfigurationIsVisible = 0;
			defaultConfigurationName = Release;
		};
/* End XCConfigurationList section */
	};
	rootObject = 09793570161B6251006DB5D5 /* Project object */;
}
